
Microsoft Visual Studio Solution File, Format Version 12.00
# Visual Studio Version 16
VisualStudioVersion = 16.0.31129.286
MinimumVisualStudioVersion = 10.0.40219.1
Project("{FAE04EC0-301F-11D3-BF4B-00C04F79EFBC}") = "ViolationSystem", "ViolationSystem\ViolationSystem.csproj", "{7E8D76EC-4D49-4590-9978-6A850AF7D929}"
EndProject
Project("{FAE04EC0-301F-11D3-BF4B-00C04F79EFBC}") = "DLlayer", "DLlayer\DLlayer.csproj", "{D59BACE9-5F73-481C-AD58-51F89D266296}"
EndProject
Project("{FAE04EC0-301F-11D3-BF4B-00C04F79EFBC}") = "BLlayer", "BLlayer\BLlayer.csproj", "{8FA62BEA-DEE5-4A3D-B1C0-CF9EE819CEF1}"
EndProject
Global
	GlobalSection(SolutionConfigurationPlatforms) = preSolution
		Debug|Any CPU = Debug|Any CPU
		Release|Any CPU = Release|Any CPU
	EndGlobalSection
	GlobalSection(ProjectConfigurationPlatforms) = postSolution
		{7E8D76EC-4D49-4590-9978-6A850AF7D929}.Debug|Any CPU.ActiveCfg = Debug|Any CPU
		{7E8D76EC-4D49-4590-9978-6A850AF7D929}.Debug|Any CPU.Build.0 = Debug|Any CPU
		{7E8D76EC-4D49-4590-9978-6A850AF7D929}.Release|Any CPU.ActiveCfg = Release|Any CPU
		{7E8D76EC-4D49-4590-9978-6A850AF7D929}.Release|Any CPU.Build.0 = Release|Any CPU
		{D59BACE9-5F73-481C-AD58-51F89D266296}.Debug|Any CPU.ActiveCfg = Debug|Any CPU
		{D59BACE9-5F73-481C-AD58-51F89D266296}.Debug|Any CPU.Build.0 = Debug|Any CPU
		{D59BACE9-5F73-481C-AD58-51F89D266296}.Release|Any CPU.ActiveCfg = Release|Any CPU
		{D59BACE9-5F73-481C-AD58-51F89D266296}.Release|Any CPU.Build.0 = Release|Any CPU
		{8FA62BEA-DEE5-4A3D-B1C0-CF9EE819CEF1}.Debug|Any CPU.ActiveCfg = Debug|Any CPU
		{8FA62BEA-DEE5-4A3D-B1C0-CF9EE819CEF1}.Debug|Any CPU.Build.0 = Debug|Any CPU
		{8FA62BEA-DEE5-4A3D-B1C0-CF9EE819CEF1}.Release|Any CPU.ActiveCfg = Release|Any CPU
		{8FA62BEA-DEE5-4A3D-B1C0-CF9EE819CEF1}.Release|Any CPU.Build.0 = Release|Any CPU
	EndGlobalSection
	GlobalSection(SolutionProperties) = preSolution
		HideSolutionNode = FALSE
	EndGlobalSection
	GlobalSection(ExtensibilityGlobals) = postSolution
		SolutionGuid = {B1B0AEA9-F35C-4316-83D2-80620C8F9860}
	EndGlobalSection
EndGlobal
